
Microsoft Visual Studio Solution File, Format Version 12.00
# Visual Studio Version 17
VisualStudioVersion = 17.3.32825.248
MinimumVisualStudioVersion = 10.0.40219.1
Project("{FAE04EC0-301F-11D3-BF4B-00C04F79EFBC}") = "UnitTests", "UnitTests\UnitTests.csproj", "{725250D0-9D4E-4462-B8A1-E8D9253E1C52}"
EndProject
Project("{FAE04EC0-301F-11D3-BF4B-00C04F79EFBC}") = "Task_1", "Task_1\Task_1.csproj", "{0DB843D6-757A-4EA8-987F-8E9AEE419E7F}"
EndProject
Project("{FAE04EC0-301F-11D3-BF4B-00C04F79EFBC}") = "Task_2", "Task_2\Task_2.csproj", "{EE59207A-5488-438A-8EA1-A036D1F12428}"
EndProject
Project("{FAE04EC0-301F-11D3-BF4B-00C04F79EFBC}") = "Task_3", "Task_3\Task_3.csproj", "{6C9E9A40-70EE-4CFF-99DA-8C97F156CE25}"
EndProject
Project("{FAE04EC0-301F-11D3-BF4B-00C04F79EFBC}") = "Task_4", "Task_4\Task_4.csproj", "{3AA1B7F5-3B02-4991-93E2-2DDB32E2C22F}"
EndProject
Global
	GlobalSection(SolutionConfigurationPlatforms) = preSolution
		Debug|Any CPU = Debug|Any CPU
		Release|Any CPU = Release|Any CPU
	EndGlobalSection
	GlobalSection(ProjectConfigurationPlatforms) = postSolution
		{725250D0-9D4E-4462-B8A1-E8D9253E1C52}.Debug|Any CPU.ActiveCfg = Debug|Any CPU
		{725250D0-9D4E-4462-B8A1-E8D9253E1C52}.Debug|Any CPU.Build.0 = Debug|Any CPU
		{725250D0-9D4E-4462-B8A1-E8D9253E1C52}.Release|Any CPU.ActiveCfg = Release|Any CPU
		{725250D0-9D4E-4462-B8A1-E8D9253E1C52}.Release|Any CPU.Build.0 = Release|Any CPU
		{0DB843D6-757A-4EA8-987F-8E9AEE419E7F}.Debug|Any CPU.ActiveCfg = Debug|Any CPU
		{0DB843D6-757A-4EA8-987F-8E9AEE419E7F}.Debug|Any CPU.Build.0 = Debug|Any CPU
		{0DB843D6-757A-4EA8-987F-8E9AEE419E7F}.Release|Any CPU.ActiveCfg = Release|Any CPU
		{0DB843D6-757A-4EA8-987F-8E9AEE419E7F}.Release|Any CPU.Build.0 = Release|Any CPU
		{EE59207A-5488-438A-8EA1-A036D1F12428}.Debug|Any CPU.ActiveCfg = Debug|Any CPU
		{EE59207A-5488-438A-8EA1-A036D1F12428}.Debug|Any CPU.Build.0 = Debug|Any CPU
		{EE59207A-5488-438A-8EA1-A036D1F12428}.Release|Any CPU.ActiveCfg = Release|Any CPU
		{EE59207A-5488-438A-8EA1-A036D1F12428}.Release|Any CPU.Build.0 = Release|Any CPU
		{6C9E9A40-70EE-4CFF-99DA-8C97F156CE25}.Debug|Any CPU.ActiveCfg = Debug|Any CPU
		{6C9E9A40-70EE-4CFF-99DA-8C97F156CE25}.Debug|Any CPU.Build.0 = Debug|Any CPU
		{6C9E9A40-70EE-4CFF-99DA-8C97F156CE25}.Release|Any CPU.ActiveCfg = Release|Any CPU
		{6C9E9A40-70EE-4CFF-99DA-8C97F156CE25}.Release|Any CPU.Build.0 = Release|Any CPU
		{3AA1B7F5-3B02-4991-93E2-2DDB32E2C22F}.Debug|Any CPU.ActiveCfg = Debug|Any CPU
		{3AA1B7F5-3B02-4991-93E2-2DDB32E2C22F}.Debug|Any CPU.Build.0 = Debug|Any CPU
		{3AA1B7F5-3B02-4991-93E2-2DDB32E2C22F}.Release|Any CPU.ActiveCfg = Release|Any CPU
		{3AA1B7F5-3B02-4991-93E2-2DDB32E2C22F}.Release|Any CPU.Build.0 = Release|Any CPU
	EndGlobalSection
	GlobalSection(SolutionProperties) = preSolution
		HideSolutionNode = FALSE
	EndGlobalSection
	GlobalSection(ExtensibilityGlobals) = postSolution
		SolutionGuid = {7962B6C1-7317-4994-9B93-DB7F63AB0828}
	EndGlobalSection
EndGlobal
